
Microsoft Visual Studio Solution File, Format Version 12.00
# Visual Studio Version 17
VisualStudioVersion = 17.13.35828.75
MinimumVisualStudioVersion = 10.0.40219.1
Project("{FAE04EC0-301F-11D3-BF4B-00C04F79EFBC}") = "lab2t1", "lab2t1\lab2t1.csproj", "{6F348C75-3245-45EC-BF6C-DBA0DDF100EF}"
EndProject
Project("{FAE04EC0-301F-11D3-BF4B-00C04F79EFBC}") = "lab2t2", "lab2t2\lab2t2.csproj", "{8A635ACC-5277-4A4B-9220-D1F8130EEF0B}"
EndProject
Project("{FAE04EC0-301F-11D3-BF4B-00C04F79EFBC}") = "lab2t3", "lab2t3\lab2t3.csproj", "{3A29BF64-2DF6-4F6E-847B-3D5EED4CA562}"
EndProject
Project("{FAE04EC0-301F-11D3-BF4B-00C04F79EFBC}") = "lab2t4", "lab2t4\lab2t4.csproj", "{3AF3DE75-0623-4B56-8D13-8D2E0D80625E}"
EndProject
Project("{FAE04EC0-301F-11D3-BF4B-00C04F79EFBC}") = "lab2t5", "lab2t5\lab2t5.csproj", "{48809F0E-4E06-4CB1-BE8B-3CDF8550071B}"
EndProject
Global
	GlobalSection(SolutionConfigurationPlatforms) = preSolution
		Debug|Any CPU = Debug|Any CPU
		Release|Any CPU = Release|Any CPU
	EndGlobalSection
	GlobalSection(ProjectConfigurationPlatforms) = postSolution
		{6F348C75-3245-45EC-BF6C-DBA0DDF100EF}.Debug|Any CPU.ActiveCfg = Debug|Any CPU
		{6F348C75-3245-45EC-BF6C-DBA0DDF100EF}.Debug|Any CPU.Build.0 = Debug|Any CPU
		{6F348C75-3245-45EC-BF6C-DBA0DDF100EF}.Release|Any CPU.ActiveCfg = Release|Any CPU
		{6F348C75-3245-45EC-BF6C-DBA0DDF100EF}.Release|Any CPU.Build.0 = Release|Any CPU
		{8A635ACC-5277-4A4B-9220-D1F8130EEF0B}.Debug|Any CPU.ActiveCfg = Debug|Any CPU
		{8A635ACC-5277-4A4B-9220-D1F8130EEF0B}.Debug|Any CPU.Build.0 = Debug|Any CPU
		{8A635ACC-5277-4A4B-9220-D1F8130EEF0B}.Release|Any CPU.ActiveCfg = Release|Any CPU
		{8A635ACC-5277-4A4B-9220-D1F8130EEF0B}.Release|Any CPU.Build.0 = Release|Any CPU
		{3A29BF64-2DF6-4F6E-847B-3D5EED4CA562}.Debug|Any CPU.ActiveCfg = Debug|Any CPU
		{3A29BF64-2DF6-4F6E-847B-3D5EED4CA562}.Debug|Any CPU.Build.0 = Debug|Any CPU
		{3A29BF64-2DF6-4F6E-847B-3D5EED4CA562}.Release|Any CPU.ActiveCfg = Release|Any CPU
		{3A29BF64-2DF6-4F6E-847B-3D5EED4CA562}.Release|Any CPU.Build.0 = Release|Any CPU
		{3AF3DE75-0623-4B56-8D13-8D2E0D80625E}.Debug|Any CPU.ActiveCfg = Debug|Any CPU
		{3AF3DE75-0623-4B56-8D13-8D2E0D80625E}.Debug|Any CPU.Build.0 = Debug|Any CPU
		{3AF3DE75-0623-4B56-8D13-8D2E0D80625E}.Release|Any CPU.ActiveCfg = Release|Any CPU
		{3AF3DE75-0623-4B56-8D13-8D2E0D80625E}.Release|Any CPU.Build.0 = Release|Any CPU
		{48809F0E-4E06-4CB1-BE8B-3CDF8550071B}.Debug|Any CPU.ActiveCfg = Debug|Any CPU
		{48809F0E-4E06-4CB1-BE8B-3CDF8550071B}.Debug|Any CPU.Build.0 = Debug|Any CPU
		{48809F0E-4E06-4CB1-BE8B-3CDF8550071B}.Release|Any CPU.ActiveCfg = Release|Any CPU
		{48809F0E-4E06-4CB1-BE8B-3CDF8550071B}.Release|Any CPU.Build.0 = Release|Any CPU
	EndGlobalSection
	GlobalSection(SolutionProperties) = preSolution
		HideSolutionNode = FALSE
	EndGlobalSection
	GlobalSection(ExtensibilityGlobals) = postSolution
		SolutionGuid = {D5293567-2011-4D9C-9BD2-59B4419FBA6F}
	EndGlobalSection
EndGlobal
